
Microsoft Visual Studio Solution File, Format Version 12.00
# Visual Studio Version 17
VisualStudioVersion = 17.7.34031.279
MinimumVisualStudioVersion = 10.0.40219.1
Project("{F184B08F-C81C-45F6-A57F-5ABD9991F28F}") = "17oct23", "17oct23.vbproj", "{6E3EACE8-6BCE-4499-B75B-63024904D475}"
EndProject
Global
	GlobalSection(SolutionConfigurationPlatforms) = preSolution
		Debug|Any CPU = Debug|Any CPU
		Release|Any CPU = Release|Any CPU
	EndGlobalSection
	GlobalSection(ProjectConfigurationPlatforms) = postSolution
		{6E3EACE8-6BCE-4499-B75B-63024904D475}.Debug|Any CPU.ActiveCfg = Debug|Any CPU
		{6E3EACE8-6BCE-4499-B75B-63024904D475}.Debug|Any CPU.Build.0 = Debug|Any CPU
		{6E3EACE8-6BCE-4499-B75B-63024904D475}.Release|Any CPU.ActiveCfg = Release|Any CPU
		{6E3EACE8-6BCE-4499-B75B-63024904D475}.Release|Any CPU.Build.0 = Release|Any CPU
	EndGlobalSection
	GlobalSection(SolutionProperties) = preSolution
		HideSolutionNode = FALSE
	EndGlobalSection
	GlobalSection(ExtensibilityGlobals) = postSolution
		SolutionGuid = {1C860D5B-F7E2-47D3-B498-A50826B6DDA8}
	EndGlobalSection
EndGlobal
